# @generated - this file is auto-generated by `mise lock` https://mise.jdx.dev/dev-tools/mise-lock.html

[[tools.1password-cli]]
version = "2.33.1"
backend = "vfox:1password-cli"

[[tools.bun]]
version = "1.3.11"
backend = "core:bun"

[tools.bun."platforms.linux-arm64"]
checksum = "sha256:d13944da12a53ecc74bf6a720bd1d04c4555c038dfe422365356a7be47691fdf"
url = "https://github.com/oven-sh/bun/releases/download/bun-v1.3.11/bun-linux-aarch64.zip"

[tools.bun."platforms.linux-arm64-musl"]
checksum = "sha256:0f5bf5dc3f276053196274bb84f90a44e2fa40c9432bd6757e3247a8d9476a3d"
url = "https://github.com/oven-sh/bun/releases/download/bun-v1.3.11/bun-linux-aarch64-musl.zip"

[tools.bun."platforms.linux-x64"]
checksum = "sha256:8611ba935af886f05a6f38740a15160326c15e5d5d07adef966130b4493607ed"
url = "https://github.com/oven-sh/bun/releases/download/bun-v1.3.11/bun-linux-x64.zip"

[tools.bun."platforms.linux-x64-baseline"]
checksum = "sha256:abe346f63414547cdf6b35b7a649a490c728b93d006226156923918a84c0e59b"
url = "https://github.com/oven-sh/bun/releases/download/bun-v1.3.11/bun-linux-x64-baseline.zip"

[tools.bun."platforms.linux-x64-musl"]
checksum = "sha256:b0fce3bc4fab52f26a1e0d8886dc07fd0c0eb2a274cb343b59c83a2d5997b5b1"
url = "https://github.com/oven-sh/bun/releases/download/bun-v1.3.11/bun-linux-x64-musl.zip"

[tools.bun."platforms.linux-x64-musl-baseline"]
checksum = "sha256:2fa2b697f14ada86a28df771d3876ca7606d7453b2339454893b1937aa9c0c7e"
url = "https://github.com/oven-sh/bun/releases/download/bun-v1.3.11/bun-linux-x64-musl-baseline.zip"

[tools.bun."platforms.macos-arm64"]
checksum = "sha256:6f5a3467ed9caec4795bf78cd476507d9f870c7d57b86c945fcb338126772ffc"
url = "https://github.com/oven-sh/bun/releases/download/bun-v1.3.11/bun-darwin-aarch64.zip"

[tools.bun."platforms.macos-x64"]
checksum = "sha256:c4fe2b9247218b0295f24e895aaec8fee62e74452679a9026b67eacbd611a286"
url = "https://github.com/oven-sh/bun/releases/download/bun-v1.3.11/bun-darwin-x64.zip"

[tools.bun."platforms.macos-x64-baseline"]
checksum = "sha256:fb6739b08bf54550edaa7c824cd5b2dca45b6a06afef408443087a63105f6f8d"
url = "https://github.com/oven-sh/bun/releases/download/bun-v1.3.11/bun-darwin-x64-baseline.zip"

[tools.bun."platforms.windows-x64"]
checksum = "sha256:066f8694f8b7d8df592452746d18f01710d4053e93030922dbc6e8c34a8c4b9f"
url = "https://github.com/oven-sh/bun/releases/download/bun-v1.3.11/bun-windows-x64.zip"

[tools.bun."platforms.windows-x64-baseline"]
checksum = "sha256:9d0e0f923e9626f3bc6044fc32e0d3ab29039aea753f5678ef8801cf26f75288"
url = "https://github.com/oven-sh/bun/releases/download/bun-v1.3.11/bun-windows-x64-baseline.zip"

[[tools.cargo-binstall]]
version = "1.17.9"
backend = "aqua:cargo-bins/cargo-binstall"

[[tools."cargo:ast-grep"]]
version = "0.42.0"
backend = "cargo:ast-grep"

[[tools."cargo:fastmod"]]
version = "0.4.4"
backend = "cargo:fastmod"

[[tools."cargo:markdown-extract-cli"]]
version = "2.1.0"
backend = "cargo:markdown-extract-cli"

[[tools."cargo:usage-cli"]]
version = "2.12.0"
backend = "cargo:usage-cli"

[[tools.direnv]]
version = "2.37.1"
backend = "asdf:direnv"

[[tools.dive]]
version = "0.13.1"
backend = "aqua:wagoodman/dive"

[tools.dive."platforms.linux-arm64"]
checksum = "sha256:2fcd2cf20f634ccdb41efac44048b204bfc867c115641f37a7420693ed480a18"
url = "https://github.com/wagoodman/dive/releases/download/v0.13.1/dive_0.13.1_linux_arm64.tar.gz"

[tools.dive."platforms.linux-arm64-musl"]
checksum = "sha256:2fcd2cf20f634ccdb41efac44048b204bfc867c115641f37a7420693ed480a18"
url = "https://github.com/wagoodman/dive/releases/download/v0.13.1/dive_0.13.1_linux_arm64.tar.gz"

[tools.dive."platforms.linux-x64"]
checksum = "sha256:0970549eb4a306f8825a84145a2534153badb4d7dcf3febd1967c706367c3d0e"
url = "https://github.com/wagoodman/dive/releases/download/v0.13.1/dive_0.13.1_linux_amd64.tar.gz"

[tools.dive."platforms.linux-x64-baseline"]
checksum = "sha256:0970549eb4a306f8825a84145a2534153badb4d7dcf3febd1967c706367c3d0e"
url = "https://github.com/wagoodman/dive/releases/download/v0.13.1/dive_0.13.1_linux_amd64.tar.gz"

[tools.dive."platforms.linux-x64-musl"]
checksum = "sha256:0970549eb4a306f8825a84145a2534153badb4d7dcf3febd1967c706367c3d0e"
url = "https://github.com/wagoodman/dive/releases/download/v0.13.1/dive_0.13.1_linux_amd64.tar.gz"

[tools.dive."platforms.linux-x64-musl-baseline"]
checksum = "sha256:0970549eb4a306f8825a84145a2534153badb4d7dcf3febd1967c706367c3d0e"
url = "https://github.com/wagoodman/dive/releases/download/v0.13.1/dive_0.13.1_linux_amd64.tar.gz"

[tools.dive."platforms.macos-arm64"]
checksum = "sha256:38b7fa95a13e7f4d0b3060c875fe7427c2a0613ecff674bb45156eb34bca0b09"
url = "https://github.com/wagoodman/dive/releases/download/v0.13.1/dive_0.13.1_darwin_arm64.tar.gz"

[tools.dive."platforms.macos-x64"]
checksum = "sha256:04e4c1bac21be3aef99799cf0e470149a072ea4786be50718aa846cd13746523"
url = "https://github.com/wagoodman/dive/releases/download/v0.13.1/dive_0.13.1_darwin_amd64.tar.gz"

[tools.dive."platforms.macos-x64-baseline"]
checksum = "sha256:04e4c1bac21be3aef99799cf0e470149a072ea4786be50718aa846cd13746523"
url = "https://github.com/wagoodman/dive/releases/download/v0.13.1/dive_0.13.1_darwin_amd64.tar.gz"

[tools.dive."platforms.windows-x64"]
checksum = "sha256:3e764ff28c7b89f4da679deac80483249fbbae3a1d512c103d54609eec09086a"
url = "https://github.com/wagoodman/dive/releases/download/v0.13.1/dive_0.13.1_windows_amd64.zip"

[tools.dive."platforms.windows-x64-baseline"]
checksum = "sha256:3e764ff28c7b89f4da679deac80483249fbbae3a1d512c103d54609eec09086a"
url = "https://github.com/wagoodman/dive/releases/download/v0.13.1/dive_0.13.1_windows_amd64.zip"

[[tools.elixir]]
version = "1.19.5-otp-28"
backend = "core:elixir"

[tools.elixir."platforms.macos-arm64"]
checksum = "blake3:84a5a93b3af2a8edfe794a6728ed5f3ce6b2dc48b588a8b1d56fdb6fb6502f32"

[[tools.erlang]]
version = "28.4.1"
backend = "core:erlang"

[tools.erlang."platforms.macos-arm64"]
checksum = "blake3:59548807985f9d8851f74f0ed64480195ca5ba7377eea2743287786ea47a6443"

[[tools.fd]]
version = "10.4.2"
backend = "aqua:sharkdp/fd"

[tools.fd."platforms.linux-arm64"]
checksum = "sha256:f32d3657473fba74e2600babc8db0b93420d51169223b7e8143b2ed55d8fd9e8"
url = "https://github.com/sharkdp/fd/releases/download/v10.4.2/fd-v10.4.2-aarch64-unknown-linux-musl.tar.gz"

[tools.fd."platforms.linux-arm64-musl"]
checksum = "sha256:f32d3657473fba74e2600babc8db0b93420d51169223b7e8143b2ed55d8fd9e8"
url = "https://github.com/sharkdp/fd/releases/download/v10.4.2/fd-v10.4.2-aarch64-unknown-linux-musl.tar.gz"

[tools.fd."platforms.linux-x64"]
checksum = "sha256:e3257d48e29a6be965187dbd24ce9af564e0fe67b3e73c9bdcd180f4ec11bdde"
url = "https://github.com/sharkdp/fd/releases/download/v10.4.2/fd-v10.4.2-x86_64-unknown-linux-musl.tar.gz"

[tools.fd."platforms.linux-x64-baseline"]
checksum = "sha256:e3257d48e29a6be965187dbd24ce9af564e0fe67b3e73c9bdcd180f4ec11bdde"
url = "https://github.com/sharkdp/fd/releases/download/v10.4.2/fd-v10.4.2-x86_64-unknown-linux-musl.tar.gz"

[tools.fd."platforms.linux-x64-musl"]
checksum = "sha256:e3257d48e29a6be965187dbd24ce9af564e0fe67b3e73c9bdcd180f4ec11bdde"
url = "https://github.com/sharkdp/fd/releases/download/v10.4.2/fd-v10.4.2-x86_64-unknown-linux-musl.tar.gz"

[tools.fd."platforms.linux-x64-musl-baseline"]
checksum = "sha256:e3257d48e29a6be965187dbd24ce9af564e0fe67b3e73c9bdcd180f4ec11bdde"
url = "https://github.com/sharkdp/fd/releases/download/v10.4.2/fd-v10.4.2-x86_64-unknown-linux-musl.tar.gz"

[tools.fd."platforms.macos-arm64"]
checksum = "sha256:623dc0afc81b92e4d4606b380d7bc91916ba7b97814263e554d50923a39e480a"
url = "https://github.com/sharkdp/fd/releases/download/v10.4.2/fd-v10.4.2-aarch64-apple-darwin.tar.gz"

[tools.fd."platforms.windows-x64"]
checksum = "sha256:b2816e506390a89941c63c9187d58a3cc10e9a55f2ef0685f9ea0eccaf7c98c8"
url = "https://github.com/sharkdp/fd/releases/download/v10.4.2/fd-v10.4.2-x86_64-pc-windows-msvc.zip"

[tools.fd."platforms.windows-x64-baseline"]
checksum = "sha256:b2816e506390a89941c63c9187d58a3cc10e9a55f2ef0685f9ea0eccaf7c98c8"
url = "https://github.com/sharkdp/fd/releases/download/v10.4.2/fd-v10.4.2-x86_64-pc-windows-msvc.zip"

[[tools.fzf]]
version = "0.70.0"
backend = "aqua:junegunn/fzf"

[tools.fzf."platforms.linux-arm64"]
checksum = "sha256:90a07a13b61f56dd59ccfd0f0bf05070e9cec067713d313fa2607aab2dc0e422"
url = "https://github.com/junegunn/fzf/releases/download/v0.70.0/fzf-0.70.0-linux_arm64.tar.gz"

[tools.fzf."platforms.linux-arm64-musl"]
checksum = "sha256:90a07a13b61f56dd59ccfd0f0bf05070e9cec067713d313fa2607aab2dc0e422"
url = "https://github.com/junegunn/fzf/releases/download/v0.70.0/fzf-0.70.0-linux_arm64.tar.gz"

[tools.fzf."platforms.linux-x64"]
checksum = "sha256:8fd0e0b93bdf64ba90081ffb6658d77ea5a024c122b36852b1de30f9d2733754"
url = "https://github.com/junegunn/fzf/releases/download/v0.70.0/fzf-0.70.0-linux_amd64.tar.gz"

[tools.fzf."platforms.linux-x64-baseline"]
checksum = "sha256:8fd0e0b93bdf64ba90081ffb6658d77ea5a024c122b36852b1de30f9d2733754"
url = "https://github.com/junegunn/fzf/releases/download/v0.70.0/fzf-0.70.0-linux_amd64.tar.gz"

[tools.fzf."platforms.linux-x64-musl"]
checksum = "sha256:8fd0e0b93bdf64ba90081ffb6658d77ea5a024c122b36852b1de30f9d2733754"
url = "https://github.com/junegunn/fzf/releases/download/v0.70.0/fzf-0.70.0-linux_amd64.tar.gz"

[tools.fzf."platforms.linux-x64-musl-baseline"]
checksum = "sha256:8fd0e0b93bdf64ba90081ffb6658d77ea5a024c122b36852b1de30f9d2733754"
url = "https://github.com/junegunn/fzf/releases/download/v0.70.0/fzf-0.70.0-linux_amd64.tar.gz"

[tools.fzf."platforms.macos-arm64"]
checksum = "sha256:75f4905c2e3d00666d81dffdd001bb2a9a8e0ad4e4ac8cecfc17a7401b99e6e4"
url = "https://github.com/junegunn/fzf/releases/download/v0.70.0/fzf-0.70.0-darwin_arm64.tar.gz"

[tools.fzf."platforms.macos-x64"]
checksum = "sha256:46af74cfeb171c5e2eb936096a653061a0de0f5aeb70319bf9935d8d193e078f"
url = "https://github.com/junegunn/fzf/releases/download/v0.70.0/fzf-0.70.0-darwin_amd64.tar.gz"

[tools.fzf."platforms.macos-x64-baseline"]
checksum = "sha256:46af74cfeb171c5e2eb936096a653061a0de0f5aeb70319bf9935d8d193e078f"
url = "https://github.com/junegunn/fzf/releases/download/v0.70.0/fzf-0.70.0-darwin_amd64.tar.gz"

[tools.fzf."platforms.windows-x64"]
checksum = "sha256:7465a6738e2c844742df973459c7509aed2d10d7a72bfd6de201b867b4eda4cd"
url = "https://github.com/junegunn/fzf/releases/download/v0.70.0/fzf-0.70.0-windows_amd64.zip"

[tools.fzf."platforms.windows-x64-baseline"]
checksum = "sha256:7465a6738e2c844742df973459c7509aed2d10d7a72bfd6de201b867b4eda4cd"
url = "https://github.com/junegunn/fzf/releases/download/v0.70.0/fzf-0.70.0-windows_amd64.zip"

[[tools."github:dlvhdr/diffnav"]]
version = "0.11.0"
backend = "github:dlvhdr/diffnav"

[tools."github:dlvhdr/diffnav"."platforms.linux-arm64"]
checksum = "sha256:902b88c34d3e0c26c2f2f0cef2f3550d4f12b8e8e72323f36a86b668a009b0d8"
url = "https://github.com/dlvhdr/diffnav/releases/download/v0.11.0/diffnav_Linux_arm64.tar.gz"
url_api = "https://api.github.com/repos/dlvhdr/diffnav/releases/assets/378589421"

[tools."github:dlvhdr/diffnav"."platforms.linux-arm64-musl"]
checksum = "sha256:902b88c34d3e0c26c2f2f0cef2f3550d4f12b8e8e72323f36a86b668a009b0d8"
url = "https://github.com/dlvhdr/diffnav/releases/download/v0.11.0/diffnav_Linux_arm64.tar.gz"
url_api = "https://api.github.com/repos/dlvhdr/diffnav/releases/assets/378589421"

[tools."github:dlvhdr/diffnav"."platforms.linux-x64"]
checksum = "sha256:35b0c3afb84f14b7e0aed411fbb9fd352b67a90885448f94a38829ebf74275e4"
url = "https://github.com/dlvhdr/diffnav/releases/download/v0.11.0/diffnav_Linux_x86_64.tar.gz"
url_api = "https://api.github.com/repos/dlvhdr/diffnav/releases/assets/378589420"

[tools."github:dlvhdr/diffnav"."platforms.linux-x64-baseline"]
checksum = "sha256:35b0c3afb84f14b7e0aed411fbb9fd352b67a90885448f94a38829ebf74275e4"
url = "https://github.com/dlvhdr/diffnav/releases/download/v0.11.0/diffnav_Linux_x86_64.tar.gz"
url_api = "https://api.github.com/repos/dlvhdr/diffnav/releases/assets/378589420"

[tools."github:dlvhdr/diffnav"."platforms.linux-x64-musl"]
checksum = "sha256:35b0c3afb84f14b7e0aed411fbb9fd352b67a90885448f94a38829ebf74275e4"
url = "https://github.com/dlvhdr/diffnav/releases/download/v0.11.0/diffnav_Linux_x86_64.tar.gz"
url_api = "https://api.github.com/repos/dlvhdr/diffnav/releases/assets/378589420"

[tools."github:dlvhdr/diffnav"."platforms.linux-x64-musl-baseline"]
checksum = "sha256:35b0c3afb84f14b7e0aed411fbb9fd352b67a90885448f94a38829ebf74275e4"
url = "https://github.com/dlvhdr/diffnav/releases/download/v0.11.0/diffnav_Linux_x86_64.tar.gz"
url_api = "https://api.github.com/repos/dlvhdr/diffnav/releases/assets/378589420"

[tools."github:dlvhdr/diffnav"."platforms.macos-arm64"]
checksum = "sha256:a4cbb3222708fc5662877d3b0a01f5b7625363f6e83c498cb746bf6b3058588e"
url = "https://github.com/dlvhdr/diffnav/releases/download/v0.11.0/diffnav_Darwin_arm64.tar.gz"
url_api = "https://api.github.com/repos/dlvhdr/diffnav/releases/assets/378589428"

[tools."github:dlvhdr/diffnav"."platforms.macos-x64"]
checksum = "sha256:33a3911292dcf013953e3678aaa85fbc4aab50af5946002c8ff25e84c1b75cc2"
url = "https://github.com/dlvhdr/diffnav/releases/download/v0.11.0/diffnav_Darwin_x86_64.tar.gz"
url_api = "https://api.github.com/repos/dlvhdr/diffnav/releases/assets/378589427"

[tools."github:dlvhdr/diffnav"."platforms.macos-x64-baseline"]
checksum = "sha256:33a3911292dcf013953e3678aaa85fbc4aab50af5946002c8ff25e84c1b75cc2"
url = "https://github.com/dlvhdr/diffnav/releases/download/v0.11.0/diffnav_Darwin_x86_64.tar.gz"
url_api = "https://api.github.com/repos/dlvhdr/diffnav/releases/assets/378589427"

[tools."github:dlvhdr/diffnav"."platforms.windows-x64"]
checksum = "sha256:cd246c70f90e1346ec363f5819b9d9259112ce13c216f2aeebe7795f66288732"
url = "https://github.com/dlvhdr/diffnav/releases/download/v0.11.0/diffnav_Windows_x86_64.zip"
url_api = "https://api.github.com/repos/dlvhdr/diffnav/releases/assets/378589423"

[tools."github:dlvhdr/diffnav"."platforms.windows-x64-baseline"]
checksum = "sha256:cd246c70f90e1346ec363f5819b9d9259112ce13c216f2aeebe7795f66288732"
url = "https://github.com/dlvhdr/diffnav/releases/download/v0.11.0/diffnav_Windows_x86_64.zip"
url_api = "https://api.github.com/repos/dlvhdr/diffnav/releases/assets/378589423"

[[tools."github:gitleaks/gitleaks"]]
version = "8.30.1"
backend = "github:gitleaks/gitleaks"

[tools."github:gitleaks/gitleaks"."platforms.linux-arm64"]
checksum = "sha256:e4a487ee7ccd7d3a7f7ec08657610aa3606637dab924210b3aee62570fb4b080"
url = "https://github.com/gitleaks/gitleaks/releases/download/v8.30.1/gitleaks_8.30.1_linux_arm64.tar.gz"
url_api = "https://api.github.com/repos/gitleaks/gitleaks/releases/assets/378332057"

[tools."github:gitleaks/gitleaks"."platforms.linux-arm64-musl"]
checksum = "sha256:e4a487ee7ccd7d3a7f7ec08657610aa3606637dab924210b3aee62570fb4b080"
url = "https://github.com/gitleaks/gitleaks/releases/download/v8.30.1/gitleaks_8.30.1_linux_arm64.tar.gz"
url_api = "https://api.github.com/repos/gitleaks/gitleaks/releases/assets/378332057"

[tools."github:gitleaks/gitleaks"."platforms.linux-x64"]
checksum = "sha256:551f6fc83ea457d62a0d98237cbad105af8d557003051f41f3e7ca7b3f2470eb"
url = "https://github.com/gitleaks/gitleaks/releases/download/v8.30.1/gitleaks_8.30.1_linux_x64.tar.gz"
url_api = "https://api.github.com/repos/gitleaks/gitleaks/releases/assets/378332058"

[tools."github:gitleaks/gitleaks"."platforms.linux-x64-baseline"]
checksum = "sha256:551f6fc83ea457d62a0d98237cbad105af8d557003051f41f3e7ca7b3f2470eb"
url = "https://github.com/gitleaks/gitleaks/releases/download/v8.30.1/gitleaks_8.30.1_linux_x64.tar.gz"
url_api = "https://api.github.com/repos/gitleaks/gitleaks/releases/assets/378332058"

[tools."github:gitleaks/gitleaks"."platforms.linux-x64-musl"]
checksum = "sha256:551f6fc83ea457d62a0d98237cbad105af8d557003051f41f3e7ca7b3f2470eb"
url = "https://github.com/gitleaks/gitleaks/releases/download/v8.30.1/gitleaks_8.30.1_linux_x64.tar.gz"
url_api = "https://api.github.com/repos/gitleaks/gitleaks/releases/assets/378332058"

[tools."github:gitleaks/gitleaks"."platforms.linux-x64-musl-baseline"]
checksum = "sha256:551f6fc83ea457d62a0d98237cbad105af8d557003051f41f3e7ca7b3f2470eb"
url = "https://github.com/gitleaks/gitleaks/releases/download/v8.30.1/gitleaks_8.30.1_linux_x64.tar.gz"
url_api = "https://api.github.com/repos/gitleaks/gitleaks/releases/assets/378332058"

[tools."github:gitleaks/gitleaks"."platforms.macos-arm64"]
checksum = "sha256:b40ab0ae55c505963e365f271a8d3846efbc170aa17f2607f13df610a9aeb6a5"
url = "https://github.com/gitleaks/gitleaks/releases/download/v8.30.1/gitleaks_8.30.1_darwin_arm64.tar.gz"
url_api = "https://api.github.com/repos/gitleaks/gitleaks/releases/assets/378332059"

[tools."github:gitleaks/gitleaks"."platforms.macos-x64"]
checksum = "sha256:dfe101a4db2255fc85120ac7f3d25e4342c3c20cf749f2c20a18081af1952709"
url = "https://github.com/gitleaks/gitleaks/releases/download/v8.30.1/gitleaks_8.30.1_darwin_x64.tar.gz"
url_api = "https://api.github.com/repos/gitleaks/gitleaks/releases/assets/378332053"

[tools."github:gitleaks/gitleaks"."platforms.macos-x64-baseline"]
checksum = "sha256:dfe101a4db2255fc85120ac7f3d25e4342c3c20cf749f2c20a18081af1952709"
url = "https://github.com/gitleaks/gitleaks/releases/download/v8.30.1/gitleaks_8.30.1_darwin_x64.tar.gz"
url_api = "https://api.github.com/repos/gitleaks/gitleaks/releases/assets/378332053"

[tools."github:gitleaks/gitleaks"."platforms.windows-x64"]
checksum = "sha256:d29144deff3a68aa93ced33dddf84b7fdc26070add4aa0f4513094c8332afc4e"
url = "https://github.com/gitleaks/gitleaks/releases/download/v8.30.1/gitleaks_8.30.1_windows_x64.zip"
url_api = "https://api.github.com/repos/gitleaks/gitleaks/releases/assets/378333178"

[tools."github:gitleaks/gitleaks"."platforms.windows-x64-baseline"]
checksum = "sha256:d29144deff3a68aa93ced33dddf84b7fdc26070add4aa0f4513094c8332afc4e"
url = "https://github.com/gitleaks/gitleaks/releases/download/v8.30.1/gitleaks_8.30.1_windows_x64.zip"
url_api = "https://api.github.com/repos/gitleaks/gitleaks/releases/assets/378333178"

[[tools."github:googleworkspace/cli"]]
version = "0.18.1"
backend = "github:googleworkspace/cli"

[tools."github:googleworkspace/cli"."platforms.linux-arm64"]
checksum = "sha256:450a3cfa6401ec1e22b009d4cb5084b0f012bbadef32832aef1da73e630d2ead"
url = "https://github.com/googleworkspace/cli/releases/download/v0.18.1/gws-aarch64-unknown-linux-gnu.tar.gz"
url_api = "https://api.github.com/repos/googleworkspace/cli/releases/assets/376691027"
provenance = "github-attestations"

[tools."github:googleworkspace/cli"."platforms.linux-arm64-musl"]
checksum = "sha256:85056ea3d83752d026fef446db0cf233ad8f2acb018cb7c5476acdbf55b49be2"
url = "https://github.com/googleworkspace/cli/releases/download/v0.18.1/gws-aarch64-unknown-linux-musl.tar.gz"
url_api = "https://api.github.com/repos/googleworkspace/cli/releases/assets/376691033"
provenance = "github-attestations"

[tools."github:googleworkspace/cli"."platforms.linux-x64"]
checksum = "sha256:e7cc4495a616acd2fe93383fc55c0544394bda06b7f6d63a362903053bcb3ba4"
url = "https://github.com/googleworkspace/cli/releases/download/v0.18.1/gws-x86_64-unknown-linux-gnu.tar.gz"
url_api = "https://api.github.com/repos/googleworkspace/cli/releases/assets/376691053"
provenance = "github-attestations"

[tools."github:googleworkspace/cli"."platforms.linux-x64-baseline"]
checksum = "sha256:e7cc4495a616acd2fe93383fc55c0544394bda06b7f6d63a362903053bcb3ba4"
url = "https://github.com/googleworkspace/cli/releases/download/v0.18.1/gws-x86_64-unknown-linux-gnu.tar.gz"
url_api = "https://api.github.com/repos/googleworkspace/cli/releases/assets/376691053"
provenance = "github-attestations"

[tools."github:googleworkspace/cli"."platforms.linux-x64-musl"]
checksum = "sha256:de1f87533266d6fe4c29b42630af44ea130f1727abf254eed1c1ef22658f92fe"
url = "https://github.com/googleworkspace/cli/releases/download/v0.18.1/gws-x86_64-unknown-linux-musl.tar.gz"
url_api = "https://api.github.com/repos/googleworkspace/cli/releases/assets/376691056"
provenance = "github-attestations"

[tools."github:googleworkspace/cli"."platforms.linux-x64-musl-baseline"]
checksum = "sha256:e7cc4495a616acd2fe93383fc55c0544394bda06b7f6d63a362903053bcb3ba4"
url = "https://github.com/googleworkspace/cli/releases/download/v0.18.1/gws-x86_64-unknown-linux-gnu.tar.gz"
url_api = "https://api.github.com/repos/googleworkspace/cli/releases/assets/376691053"
provenance = "github-attestations"

[tools."github:googleworkspace/cli"."platforms.macos-arm64"]
checksum = "sha256:86053fc16efb0f3752949c5d8e3d5dce909994b85870f0883c292725e2971911"
url = "https://github.com/googleworkspace/cli/releases/download/v0.18.1/gws-aarch64-apple-darwin.tar.gz"
url_api = "https://api.github.com/repos/googleworkspace/cli/releases/assets/376691032"
provenance = "github-attestations"

[tools."github:googleworkspace/cli"."platforms.macos-x64"]
checksum = "sha256:7bef15f1f20d4647edfaf7c026efceff449f8e2852f4031f4f54d197c8133ffe"
url = "https://github.com/googleworkspace/cli/releases/download/v0.18.1/gws-x86_64-apple-darwin.tar.gz"
url_api = "https://api.github.com/repos/googleworkspace/cli/releases/assets/376691049"
provenance = "github-attestations"

[tools."github:googleworkspace/cli"."platforms.macos-x64-baseline"]
checksum = "sha256:7bef15f1f20d4647edfaf7c026efceff449f8e2852f4031f4f54d197c8133ffe"
url = "https://github.com/googleworkspace/cli/releases/download/v0.18.1/gws-x86_64-apple-darwin.tar.gz"
url_api = "https://api.github.com/repos/googleworkspace/cli/releases/assets/376691049"
provenance = "github-attestations"

[tools."github:googleworkspace/cli"."platforms.windows-x64"]
checksum = "sha256:9191a615a74a0385b87aa0b2a7320756f217d255231da1738110487f2d892e43"
url = "https://github.com/googleworkspace/cli/releases/download/v0.18.1/gws-x86_64-pc-windows-msvc.zip"
url_api = "https://api.github.com/repos/googleworkspace/cli/releases/assets/376691051"
provenance = "github-attestations"

[tools."github:googleworkspace/cli"."platforms.windows-x64-baseline"]
checksum = "sha256:9191a615a74a0385b87aa0b2a7320756f217d255231da1738110487f2d892e43"
url = "https://github.com/googleworkspace/cli/releases/download/v0.18.1/gws-x86_64-pc-windows-msvc.zip"
url_api = "https://api.github.com/repos/googleworkspace/cli/releases/assets/376691051"
provenance = "github-attestations"

[[tools."github:harehare/mq"]]
version = "0.5.24"
backend = "github:harehare/mq"

[tools."github:harehare/mq"."platforms.macos-arm64"]
checksum = "sha256:a21b0e55231e54e606c64e8a83f2bc8be36313167652a181d387ad342a12af3d"
url = "https://github.com/harehare/mq/releases/download/v0.5.24/mq-aarch64-apple-darwin"
url_api = "https://api.github.com/repos/harehare/mq/releases/assets/383534353"

[[tools."github:iloveitaly/richclip"]]
version = "1.3.0"
backend = "github:iloveitaly/richclip"

[tools."github:iloveitaly/richclip"."platforms.linux-arm64"]
checksum = "sha256:be6b6bde3b70d38d84503c73ee5e5ad65801e48ff124e5af26d022fba709be73"
url = "https://github.com/iloveitaly/richclip/releases/download/v1.3.0/richclip.zip"
url_api = "https://api.github.com/repos/iloveitaly/richclip/releases/assets/375807887"

[tools."github:iloveitaly/richclip"."platforms.linux-arm64-musl"]
checksum = "sha256:be6b6bde3b70d38d84503c73ee5e5ad65801e48ff124e5af26d022fba709be73"
url = "https://github.com/iloveitaly/richclip/releases/download/v1.3.0/richclip.zip"
url_api = "https://api.github.com/repos/iloveitaly/richclip/releases/assets/375807887"

[tools."github:iloveitaly/richclip"."platforms.linux-x64"]
checksum = "sha256:be6b6bde3b70d38d84503c73ee5e5ad65801e48ff124e5af26d022fba709be73"
url = "https://github.com/iloveitaly/richclip/releases/download/v1.3.0/richclip.zip"
url_api = "https://api.github.com/repos/iloveitaly/richclip/releases/assets/375807887"

[tools."github:iloveitaly/richclip"."platforms.linux-x64-baseline"]
checksum = "sha256:be6b6bde3b70d38d84503c73ee5e5ad65801e48ff124e5af26d022fba709be73"
url = "https://github.com/iloveitaly/richclip/releases/download/v1.3.0/richclip.zip"
url_api = "https://api.github.com/repos/iloveitaly/richclip/releases/assets/375807887"

[tools."github:iloveitaly/richclip"."platforms.linux-x64-musl"]
checksum = "sha256:be6b6bde3b70d38d84503c73ee5e5ad65801e48ff124e5af26d022fba709be73"
url = "https://github.com/iloveitaly/richclip/releases/download/v1.3.0/richclip.zip"
url_api = "https://api.github.com/repos/iloveitaly/richclip/releases/assets/375807887"

[tools."github:iloveitaly/richclip"."platforms.linux-x64-musl-baseline"]
checksum = "sha256:be6b6bde3b70d38d84503c73ee5e5ad65801e48ff124e5af26d022fba709be73"
url = "https://github.com/iloveitaly/richclip/releases/download/v1.3.0/richclip.zip"
url_api = "https://api.github.com/repos/iloveitaly/richclip/releases/assets/375807887"

[tools."github:iloveitaly/richclip"."platforms.macos-arm64"]
checksum = "sha256:be6b6bde3b70d38d84503c73ee5e5ad65801e48ff124e5af26d022fba709be73"
url = "https://github.com/iloveitaly/richclip/releases/download/v1.3.0/richclip.zip"
url_api = "https://api.github.com/repos/iloveitaly/richclip/releases/assets/375807887"

[tools."github:iloveitaly/richclip"."platforms.macos-x64"]
checksum = "sha256:be6b6bde3b70d38d84503c73ee5e5ad65801e48ff124e5af26d022fba709be73"
url = "https://github.com/iloveitaly/richclip/releases/download/v1.3.0/richclip.zip"
url_api = "https://api.github.com/repos/iloveitaly/richclip/releases/assets/375807887"

[tools."github:iloveitaly/richclip"."platforms.macos-x64-baseline"]
checksum = "sha256:be6b6bde3b70d38d84503c73ee5e5ad65801e48ff124e5af26d022fba709be73"
url = "https://github.com/iloveitaly/richclip/releases/download/v1.3.0/richclip.zip"
url_api = "https://api.github.com/repos/iloveitaly/richclip/releases/assets/375807887"

[tools."github:iloveitaly/richclip"."platforms.windows-x64"]
checksum = "sha256:be6b6bde3b70d38d84503c73ee5e5ad65801e48ff124e5af26d022fba709be73"
url = "https://github.com/iloveitaly/richclip/releases/download/v1.3.0/richclip.zip"
url_api = "https://api.github.com/repos/iloveitaly/richclip/releases/assets/375807887"

[tools."github:iloveitaly/richclip"."platforms.windows-x64-baseline"]
checksum = "sha256:be6b6bde3b70d38d84503c73ee5e5ad65801e48ff124e5af26d022fba709be73"
url = "https://github.com/iloveitaly/richclip/releases/download/v1.3.0/richclip.zip"
url_api = "https://api.github.com/repos/iloveitaly/richclip/releases/assets/375807887"

[[tools."github:nnnkkk7/lazyactions"]]
version = "0.0.13"
backend = "github:nnnkkk7/lazyactions"

[tools."github:nnnkkk7/lazyactions"."platforms.linux-arm64"]
checksum = "sha256:b8155792dc1d674e93bfd11289f5451c26a3d74d2093476e108d7f8964360959"
url = "https://github.com/nnnkkk7/lazyactions/releases/download/v0.0.13/lazyactions_0.0.13_Linux_arm64.tar.gz"
url_api = "https://api.github.com/repos/nnnkkk7/lazyactions/releases/assets/374567702"

[tools."github:nnnkkk7/lazyactions"."platforms.linux-arm64-musl"]
checksum = "sha256:b8155792dc1d674e93bfd11289f5451c26a3d74d2093476e108d7f8964360959"
url = "https://github.com/nnnkkk7/lazyactions/releases/download/v0.0.13/lazyactions_0.0.13_Linux_arm64.tar.gz"
url_api = "https://api.github.com/repos/nnnkkk7/lazyactions/releases/assets/374567702"

[tools."github:nnnkkk7/lazyactions"."platforms.linux-x64"]
checksum = "sha256:867d51ab8e0c186ad0f52d54998cb3c4aa6435460346f54e7a59e7cb001b050d"
url = "https://github.com/nnnkkk7/lazyactions/releases/download/v0.0.13/lazyactions_0.0.13_Linux_x86_64.tar.gz"
url_api = "https://api.github.com/repos/nnnkkk7/lazyactions/releases/assets/374567699"

[tools."github:nnnkkk7/lazyactions"."platforms.linux-x64-baseline"]
checksum = "sha256:867d51ab8e0c186ad0f52d54998cb3c4aa6435460346f54e7a59e7cb001b050d"
url = "https://github.com/nnnkkk7/lazyactions/releases/download/v0.0.13/lazyactions_0.0.13_Linux_x86_64.tar.gz"
url_api = "https://api.github.com/repos/nnnkkk7/lazyactions/releases/assets/374567699"

[tools."github:nnnkkk7/lazyactions"."platforms.linux-x64-musl"]
checksum = "sha256:867d51ab8e0c186ad0f52d54998cb3c4aa6435460346f54e7a59e7cb001b050d"
url = "https://github.com/nnnkkk7/lazyactions/releases/download/v0.0.13/lazyactions_0.0.13_Linux_x86_64.tar.gz"
url_api = "https://api.github.com/repos/nnnkkk7/lazyactions/releases/assets/374567699"

[tools."github:nnnkkk7/lazyactions"."platforms.linux-x64-musl-baseline"]
checksum = "sha256:867d51ab8e0c186ad0f52d54998cb3c4aa6435460346f54e7a59e7cb001b050d"
url = "https://github.com/nnnkkk7/lazyactions/releases/download/v0.0.13/lazyactions_0.0.13_Linux_x86_64.tar.gz"
url_api = "https://api.github.com/repos/nnnkkk7/lazyactions/releases/assets/374567699"

[tools."github:nnnkkk7/lazyactions"."platforms.macos-arm64"]
checksum = "sha256:c9f2c76e5896cbcba07aa53fe2af5f8acb40f0923f8a17b14b183f8dd623a6af"
url = "https://github.com/nnnkkk7/lazyactions/releases/download/v0.0.13/lazyactions_0.0.13_Darwin_arm64.tar.gz"
url_api = "https://api.github.com/repos/nnnkkk7/lazyactions/releases/assets/374567696"

[tools."github:nnnkkk7/lazyactions"."platforms.macos-x64"]
checksum = "sha256:415d66cf1a11228dd81565a812ae53cb8d8b8c7f977fb14db632405b321e25b6"
url = "https://github.com/nnnkkk7/lazyactions/releases/download/v0.0.13/lazyactions_0.0.13_Darwin_x86_64.tar.gz"
url_api = "https://api.github.com/repos/nnnkkk7/lazyactions/releases/assets/374567698"

[tools."github:nnnkkk7/lazyactions"."platforms.macos-x64-baseline"]
checksum = "sha256:415d66cf1a11228dd81565a812ae53cb8d8b8c7f977fb14db632405b321e25b6"
url = "https://github.com/nnnkkk7/lazyactions/releases/download/v0.0.13/lazyactions_0.0.13_Darwin_x86_64.tar.gz"
url_api = "https://api.github.com/repos/nnnkkk7/lazyactions/releases/assets/374567698"

[tools."github:nnnkkk7/lazyactions"."platforms.windows-x64"]
checksum = "sha256:b6a1bda0eaa092141883a03477424e02f86d853f4835941b7eac5f55c2d4cc15"
url = "https://github.com/nnnkkk7/lazyactions/releases/download/v0.0.13/lazyactions_0.0.13_Windows_x86_64.zip"
url_api = "https://api.github.com/repos/nnnkkk7/lazyactions/releases/assets/374567697"

[tools."github:nnnkkk7/lazyactions"."platforms.windows-x64-baseline"]
checksum = "sha256:b6a1bda0eaa092141883a03477424e02f86d853f4835941b7eac5f55c2d4cc15"
url = "https://github.com/nnnkkk7/lazyactions/releases/download/v0.0.13/lazyactions_0.0.13_Windows_x86_64.zip"
url_api = "https://api.github.com/repos/nnnkkk7/lazyactions/releases/assets/374567697"

[[tools."github:railwayapp/cli"]]
version = "4.35.0"
backend = "github:railwayapp/cli"

[[tools."github:railwayapp/railpack"]]
version = "0.22.2"
backend = "github:railwayapp/railpack"

[[tools."github:zyedidia/micro"]]
version = "nightly"
backend = "github:zyedidia/micro"

[tools."github:zyedidia/micro"."platforms.linux-arm64"]
checksum = "sha256:dbc90d3e7fe0079228292b319a2e0f5ae4d9cb7db97aecd25b4af5baaafd1ec1"
url = "https://github.com/micro-editor/micro/releases/download/nightly/micro-nightly-linux-arm64.tar.gz"
url_api = "https://api.github.com/repos/micro-editor/micro/releases/assets/375365392"

[tools."github:zyedidia/micro"."platforms.linux-arm64-musl"]
checksum = "sha256:dbc90d3e7fe0079228292b319a2e0f5ae4d9cb7db97aecd25b4af5baaafd1ec1"
url = "https://github.com/micro-editor/micro/releases/download/nightly/micro-nightly-linux-arm64.tar.gz"
url_api = "https://api.github.com/repos/micro-editor/micro/releases/assets/375365392"

[tools."github:zyedidia/micro"."platforms.linux-x64"]
checksum = "sha256:8ebbcc48e572fb48d44646ead33acb725b5fd498ee39ec941eb62acee5da9574"
url = "https://github.com/micro-editor/micro/releases/download/nightly/micro-nightly-linux32.tar.gz"
url_api = "https://api.github.com/repos/micro-editor/micro/releases/assets/375365395"

[tools."github:zyedidia/micro"."platforms.linux-x64-baseline"]
checksum = "sha256:8ebbcc48e572fb48d44646ead33acb725b5fd498ee39ec941eb62acee5da9574"
url = "https://github.com/micro-editor/micro/releases/download/nightly/micro-nightly-linux32.tar.gz"
url_api = "https://api.github.com/repos/micro-editor/micro/releases/assets/375365395"

[tools."github:zyedidia/micro"."platforms.linux-x64-musl"]
checksum = "sha256:8ebbcc48e572fb48d44646ead33acb725b5fd498ee39ec941eb62acee5da9574"
url = "https://github.com/micro-editor/micro/releases/download/nightly/micro-nightly-linux32.tar.gz"
url_api = "https://api.github.com/repos/micro-editor/micro/releases/assets/375365395"

[tools."github:zyedidia/micro"."platforms.linux-x64-musl-baseline"]
checksum = "sha256:8ebbcc48e572fb48d44646ead33acb725b5fd498ee39ec941eb62acee5da9574"
url = "https://github.com/micro-editor/micro/releases/download/nightly/micro-nightly-linux32.tar.gz"
url_api = "https://api.github.com/repos/micro-editor/micro/releases/assets/375365395"

[tools."github:zyedidia/micro"."platforms.macos-arm64"]
checksum = "sha256:e6012e31b03ddf3ad5fd2da1e82964cb9c8046336da5d8919f58ced785793a13"
url = "https://github.com/micro-editor/micro/releases/download/nightly/micro-nightly-macos-arm64.tar.gz"
url_api = "https://api.github.com/repos/micro-editor/micro/releases/assets/375365385"

[tools."github:zyedidia/micro"."platforms.macos-x64"]
checksum = "sha256:ce871ec2c301d0f7dcfab687a270ab34adfdd29d8f6f69bbe363518e90247fdd"
url = "https://github.com/micro-editor/micro/releases/download/nightly/micro-nightly-osx.tar.gz"
url_api = "https://api.github.com/repos/micro-editor/micro/releases/assets/375365362"

[tools."github:zyedidia/micro"."platforms.macos-x64-baseline"]
checksum = "sha256:ce871ec2c301d0f7dcfab687a270ab34adfdd29d8f6f69bbe363518e90247fdd"
url = "https://github.com/micro-editor/micro/releases/download/nightly/micro-nightly-osx.tar.gz"
url_api = "https://api.github.com/repos/micro-editor/micro/releases/assets/375365362"

[tools."github:zyedidia/micro"."platforms.windows-x64"]
checksum = "sha256:cc7152386e69bc5f892a6cdd610d72b714b6872ac767edb15ac0696086c09ce6"
url = "https://github.com/micro-editor/micro/releases/download/nightly/micro-nightly-win32.zip"
url_api = "https://api.github.com/repos/micro-editor/micro/releases/assets/375365387"

[tools."github:zyedidia/micro"."platforms.windows-x64-baseline"]
checksum = "sha256:cc7152386e69bc5f892a6cdd610d72b714b6872ac767edb15ac0696086c09ce6"
url = "https://github.com/micro-editor/micro/releases/download/nightly/micro-nightly-win32.zip"
url_api = "https://api.github.com/repos/micro-editor/micro/releases/assets/375365387"

[[tools.go]]
version = "1.26.1"
backend = "core:go"

[tools.go."platforms.linux-arm64"]
checksum = "sha256:a290581cfe4fe28ddd737dde3095f3dbeb7f2e4065cab4eae44dfc53b760c2f7"
url = "https://dl.google.com/go/go1.26.1.linux-arm64.tar.gz"

[tools.go."platforms.linux-arm64-musl"]
checksum = "sha256:a290581cfe4fe28ddd737dde3095f3dbeb7f2e4065cab4eae44dfc53b760c2f7"
url = "https://dl.google.com/go/go1.26.1.linux-arm64.tar.gz"

[tools.go."platforms.linux-x64"]
checksum = "sha256:031f088e5d955bab8657ede27ad4e3bc5b7c1ba281f05f245bcc304f327c987a"
url = "https://dl.google.com/go/go1.26.1.linux-amd64.tar.gz"

[tools.go."platforms.linux-x64-baseline"]
checksum = "sha256:031f088e5d955bab8657ede27ad4e3bc5b7c1ba281f05f245bcc304f327c987a"
url = "https://dl.google.com/go/go1.26.1.linux-amd64.tar.gz"

[tools.go."platforms.linux-x64-musl"]
checksum = "sha256:031f088e5d955bab8657ede27ad4e3bc5b7c1ba281f05f245bcc304f327c987a"
url = "https://dl.google.com/go/go1.26.1.linux-amd64.tar.gz"

[tools.go."platforms.linux-x64-musl-baseline"]
checksum = "sha256:031f088e5d955bab8657ede27ad4e3bc5b7c1ba281f05f245bcc304f327c987a"
url = "https://dl.google.com/go/go1.26.1.linux-amd64.tar.gz"

[tools.go."platforms.macos-arm64"]
checksum = "sha256:353df43a7811ce284c8938b5f3c7df40b7bfb6f56cb165b150bc40b5e2dd541f"
url = "https://dl.google.com/go/go1.26.1.darwin-arm64.tar.gz"

[tools.go."platforms.macos-x64"]
checksum = "sha256:65773dab2f8cc4cd23d93ba6d0a805de150ca0b78378879292be0b903b8cdd08"
url = "https://dl.google.com/go/go1.26.1.darwin-amd64.tar.gz"

[tools.go."platforms.macos-x64-baseline"]
checksum = "sha256:65773dab2f8cc4cd23d93ba6d0a805de150ca0b78378879292be0b903b8cdd08"
url = "https://dl.google.com/go/go1.26.1.darwin-amd64.tar.gz"

[tools.go."platforms.windows-x64"]
checksum = "sha256:9b68112c913f45b7aebbf13c036721264bbba7e03a642f8f7490c561eebd1ecc"
url = "https://dl.google.com/go/go1.26.1.windows-amd64.zip"

[tools.go."platforms.windows-x64-baseline"]
checksum = "sha256:9b68112c913f45b7aebbf13c036721264bbba7e03a642f8f7490c561eebd1ecc"
url = "https://dl.google.com/go/go1.26.1.windows-amd64.zip"

[[tools."go:github.com/karol-broda/snitch"]]
version = "0.2.2"
backend = "go:github.com/karol-broda/snitch"

[[tools."go:github.com/standardbeagle/mcp-clip"]]
version = "1.0.0"
backend = "go:github.com/standardbeagle/mcp-clip"

[[tools.just]]
version = "1.48.1"
backend = "ubi:casey/just"

[[tools.node]]
version = "22.22.2"
backend = "core:node"

[tools.node."platforms.macos-arm64"]
checksum = "sha256:db4b275b83736df67533529a18cc55de2549a8329ace6c7bcc68f8d22d3c9000"
url = "https://nodejs.org/dist/v22.22.2/node-v22.22.2-darwin-arm64.tar.gz"

[[tools.pnpm]]
version = "10.33.0"
backend = "aqua:pnpm/pnpm"

[[tools.python]]
version = "3.14.3"
backend = "core:python"

[tools.python."platforms.linux-arm64"]
checksum = "sha256:89e2cfba1b1ca974a8d2b7aa054d8c32a9301b1168fde2bf1c9a5270488c018f"
url = "https://github.com/astral-sh/python-build-standalone/releases/download/20260310/cpython-3.14.3+20260310-aarch64-unknown-linux-gnu-install_only_stripped.tar.gz"

[tools.python."platforms.linux-arm64-musl"]
checksum = "sha256:89e2cfba1b1ca974a8d2b7aa054d8c32a9301b1168fde2bf1c9a5270488c018f"
url = "https://github.com/astral-sh/python-build-standalone/releases/download/20260310/cpython-3.14.3+20260310-aarch64-unknown-linux-gnu-install_only_stripped.tar.gz"

[tools.python."platforms.linux-x64"]
checksum = "sha256:0023aa5e9930a70585e1b639055f4928f76080b2e1dcc2458453b595155a50ee"
url = "https://github.com/astral-sh/python-build-standalone/releases/download/20260310/cpython-3.14.3+20260310-x86_64-unknown-linux-gnu-install_only_stripped.tar.gz"

[tools.python."platforms.linux-x64-baseline"]
checksum = "sha256:0023aa5e9930a70585e1b639055f4928f76080b2e1dcc2458453b595155a50ee"
url = "https://github.com/astral-sh/python-build-standalone/releases/download/20260310/cpython-3.14.3+20260310-x86_64-unknown-linux-gnu-install_only_stripped.tar.gz"

[tools.python."platforms.linux-x64-musl"]
checksum = "sha256:0023aa5e9930a70585e1b639055f4928f76080b2e1dcc2458453b595155a50ee"
url = "https://github.com/astral-sh/python-build-standalone/releases/download/20260310/cpython-3.14.3+20260310-x86_64-unknown-linux-gnu-install_only_stripped.tar.gz"

[tools.python."platforms.linux-x64-musl-baseline"]
checksum = "sha256:0023aa5e9930a70585e1b639055f4928f76080b2e1dcc2458453b595155a50ee"
url = "https://github.com/astral-sh/python-build-standalone/releases/download/20260310/cpython-3.14.3+20260310-x86_64-unknown-linux-gnu-install_only_stripped.tar.gz"

[tools.python."platforms.macos-arm64"]
checksum = "sha256:1a98bbe7e63547d2f764bc9119f6d604dfb333f21afab5f4885dc362b4f3a921"
url = "https://github.com/astral-sh/python-build-standalone/releases/download/20260310/cpython-3.14.3+20260310-aarch64-apple-darwin-install_only_stripped.tar.gz"

[tools.python."platforms.macos-x64"]
checksum = "sha256:a974fefb14c2b724ca87830240d36fc865780391ec9e1e2db28a1d5f58f5fae2"
url = "https://github.com/astral-sh/python-build-standalone/releases/download/20260310/cpython-3.14.3+20260310-x86_64-apple-darwin-install_only_stripped.tar.gz"

[tools.python."platforms.macos-x64-baseline"]
checksum = "sha256:a974fefb14c2b724ca87830240d36fc865780391ec9e1e2db28a1d5f58f5fae2"
url = "https://github.com/astral-sh/python-build-standalone/releases/download/20260310/cpython-3.14.3+20260310-x86_64-apple-darwin-install_only_stripped.tar.gz"

[tools.python."platforms.windows-x64"]
checksum = "sha256:8458fdf45b9b47685a7dea76d72a4b8cf946091fe48cac43d3564f7f318e8c0f"
url = "https://github.com/astral-sh/python-build-standalone/releases/download/20260310/cpython-3.14.3+20260310-x86_64-pc-windows-msvc-install_only_stripped.tar.gz"

[tools.python."platforms.windows-x64-baseline"]
checksum = "sha256:8458fdf45b9b47685a7dea76d72a4b8cf946091fe48cac43d3564f7f318e8c0f"
url = "https://github.com/astral-sh/python-build-standalone/releases/download/20260310/cpython-3.14.3+20260310-x86_64-pc-windows-msvc-install_only_stripped.tar.gz"

[[tools.ruby]]
version = "3.4.9"
backend = "core:ruby"

[tools.ruby."platforms.linux-arm64"]
checksum = "sha256:7bb4d4f5e807cc27251d14d9d6086d182c5b25875191e44ab15b709cd7a7dd9c"
url = "https://cache.ruby-lang.org/pub/ruby/3.4/ruby-3.4.9.tar.gz"

[tools.ruby."platforms.linux-arm64-musl"]
checksum = "sha256:7bb4d4f5e807cc27251d14d9d6086d182c5b25875191e44ab15b709cd7a7dd9c"
url = "https://cache.ruby-lang.org/pub/ruby/3.4/ruby-3.4.9.tar.gz"

[tools.ruby."platforms.linux-x64"]
checksum = "sha256:7bb4d4f5e807cc27251d14d9d6086d182c5b25875191e44ab15b709cd7a7dd9c"
url = "https://cache.ruby-lang.org/pub/ruby/3.4/ruby-3.4.9.tar.gz"

[tools.ruby."platforms.linux-x64-baseline"]
checksum = "sha256:7bb4d4f5e807cc27251d14d9d6086d182c5b25875191e44ab15b709cd7a7dd9c"
url = "https://cache.ruby-lang.org/pub/ruby/3.4/ruby-3.4.9.tar.gz"

[tools.ruby."platforms.linux-x64-musl"]
checksum = "sha256:7bb4d4f5e807cc27251d14d9d6086d182c5b25875191e44ab15b709cd7a7dd9c"
url = "https://cache.ruby-lang.org/pub/ruby/3.4/ruby-3.4.9.tar.gz"

[tools.ruby."platforms.linux-x64-musl-baseline"]
checksum = "sha256:7bb4d4f5e807cc27251d14d9d6086d182c5b25875191e44ab15b709cd7a7dd9c"
url = "https://cache.ruby-lang.org/pub/ruby/3.4/ruby-3.4.9.tar.gz"

[tools.ruby."platforms.macos-arm64"]
checksum = "sha256:7bb4d4f5e807cc27251d14d9d6086d182c5b25875191e44ab15b709cd7a7dd9c"
url = "https://cache.ruby-lang.org/pub/ruby/3.4/ruby-3.4.9.tar.gz"

[tools.ruby."platforms.macos-x64"]
checksum = "sha256:7bb4d4f5e807cc27251d14d9d6086d182c5b25875191e44ab15b709cd7a7dd9c"
url = "https://cache.ruby-lang.org/pub/ruby/3.4/ruby-3.4.9.tar.gz"

[tools.ruby."platforms.macos-x64-baseline"]
checksum = "sha256:7bb4d4f5e807cc27251d14d9d6086d182c5b25875191e44ab15b709cd7a7dd9c"
url = "https://cache.ruby-lang.org/pub/ruby/3.4/ruby-3.4.9.tar.gz"

[tools.ruby."platforms.windows-x64"]
checksum = "sha256:4375268618b61dadf53bf8e54beaca74ea30580c90d3c47ea9f2a134bd3e494e"
url = "https://github.com/oneclick/rubyinstaller2/releases/download/RubyInstaller-3.4.9-1/rubyinstaller-3.4.9-1-x64.7z"

[tools.ruby."platforms.windows-x64-baseline"]
checksum = "sha256:4375268618b61dadf53bf8e54beaca74ea30580c90d3c47ea9f2a134bd3e494e"
url = "https://github.com/oneclick/rubyinstaller2/releases/download/RubyInstaller-3.4.9-1/rubyinstaller-3.4.9-1-x64.7z"

[[tools.rust]]
version = "1.94.1"
backend = "core:rust"

[[tools.uv]]
version = "0.11.2"
backend = "asdf:uv"
