# @generated - this file is auto-generated by `mise lock` https://mise.jdx.dev/dev-tools/mise-lock.html

[[tools.bun]]
version = "1.3.10"
backend = "core:bun"

[tools.bun."platforms.linux-arm64"]
checksum = "sha256:fa5ecb25cafa8e8f5c87a0f833719d46dd0af0a86c7837d806531212d55636d3"
url = "https://github.com/oven-sh/bun/releases/download/bun-v1.3.10/bun-linux-aarch64.zip"

[tools.bun."platforms.linux-arm64-musl"]
checksum = "sha256:d2c81365a2e529b78a42330d3a0056e8dbd7896b4a6782c8e392b6532141e34d"
url = "https://github.com/oven-sh/bun/releases/download/bun-v1.3.10/bun-linux-aarch64-musl.zip"

[tools.bun."platforms.linux-x64"]
checksum = "sha256:f57bc0187e39623de716ba3a389fda5486b2d7be7131a980ba54dc7b733d2e08"
url = "https://github.com/oven-sh/bun/releases/download/bun-v1.3.10/bun-linux-x64.zip"

[tools.bun."platforms.linux-x64-baseline"]
checksum = "sha256:41201a8c5ee74a9dcbb1ce25a1104f1f929838b57a845aa78d98379b0ce7cde2"
url = "https://github.com/oven-sh/bun/releases/download/bun-v1.3.10/bun-linux-x64-baseline.zip"

[tools.bun."platforms.linux-x64-musl"]
checksum = "sha256:48a6c32277d343db0148ce066336472ffd380358a4d26bb1329714742492d824"
url = "https://github.com/oven-sh/bun/releases/download/bun-v1.3.10/bun-linux-x64-musl.zip"

[tools.bun."platforms.linux-x64-musl-baseline"]
checksum = "sha256:a7bc4cdea1ef255a83adbf39c7aafcd30e09f2b8f74deec4b10ee318bc024d1f"
url = "https://github.com/oven-sh/bun/releases/download/bun-v1.3.10/bun-linux-x64-musl-baseline.zip"

[tools.bun."platforms.macos-arm64"]
checksum = "sha256:82034e87c9d9b4398ea619aee2eed5d2a68c8157e9a6ae2d1052d84d533ccd8d"
url = "https://github.com/oven-sh/bun/releases/download/bun-v1.3.10/bun-darwin-aarch64.zip"

[tools.bun."platforms.macos-x64"]
checksum = "sha256:c1d90bf6140f20e572c473065dc6b37a4b036349b5e9e4133779cc642ad94323"
url = "https://github.com/oven-sh/bun/releases/download/bun-v1.3.10/bun-darwin-x64.zip"

[tools.bun."platforms.macos-x64-baseline"]
checksum = "sha256:f9686c4e4e760db4cde77a0f1fad05e552648b9c9cbfa4f7fc9a7ec26b9f3267"
url = "https://github.com/oven-sh/bun/releases/download/bun-v1.3.10/bun-darwin-x64-baseline.zip"

[tools.bun."platforms.windows-x64"]
checksum = "sha256:7a77b3e245e2e26965c93089a4a1332e8a326d3364c89fae1d1fd99cdd3cd73d"
url = "https://github.com/oven-sh/bun/releases/download/bun-v1.3.10/bun-windows-x64.zip"

[tools.bun."platforms.windows-x64-baseline"]
checksum = "sha256:715709c69b176e20994533d3292bd0b7c32de9c0c5575b916746ec6b2aa38346"
url = "https://github.com/oven-sh/bun/releases/download/bun-v1.3.10/bun-windows-x64-baseline.zip"

[[tools.cargo-binstall]]
version = "1.17.7"
backend = "aqua:cargo-bins/cargo-binstall"

[tools.cargo-binstall."platforms.linux-arm64"]
checksum = "sha256:b0658b0a7f0959bc1dbb4ab665931c31c7dd1109ff01cb8772af17dfdc52a9af"
url = "https://github.com/cargo-bins/cargo-binstall/releases/download/v1.17.7/cargo-binstall-aarch64-unknown-linux-musl.tgz"

[tools.cargo-binstall."platforms.linux-arm64-musl"]
checksum = "sha256:b0658b0a7f0959bc1dbb4ab665931c31c7dd1109ff01cb8772af17dfdc52a9af"
url = "https://github.com/cargo-bins/cargo-binstall/releases/download/v1.17.7/cargo-binstall-aarch64-unknown-linux-musl.tgz"

[tools.cargo-binstall."platforms.linux-x64"]
checksum = "sha256:29b5ecfb6e03c2511a617c77d312b06df0c54717644fbfda3d465ec8240532f0"
url = "https://github.com/cargo-bins/cargo-binstall/releases/download/v1.17.7/cargo-binstall-x86_64-unknown-linux-musl.tgz"

[tools.cargo-binstall."platforms.linux-x64-musl"]
checksum = "sha256:29b5ecfb6e03c2511a617c77d312b06df0c54717644fbfda3d465ec8240532f0"
url = "https://github.com/cargo-bins/cargo-binstall/releases/download/v1.17.7/cargo-binstall-x86_64-unknown-linux-musl.tgz"

[tools.cargo-binstall."platforms.macos-arm64"]
checksum = "sha256:1ad3c0c56fa3970634cce5009ed0ce61b943515f9115f8e480fd0e41d8d89085"
url = "https://github.com/cargo-bins/cargo-binstall/releases/download/v1.17.7/cargo-binstall-aarch64-apple-darwin.zip"

[tools.cargo-binstall."platforms.macos-x64"]
checksum = "sha256:aa7174fb938e668dea4b4c3d22fe6cefed97642cc3a7a419ba96d63d63fd729b"
url = "https://github.com/cargo-bins/cargo-binstall/releases/download/v1.17.7/cargo-binstall-x86_64-apple-darwin.zip"

[tools.cargo-binstall."platforms.windows-x64"]
checksum = "sha256:c5cb2444ee04480502a8ac73d96abd9f97af8300ec04ea1c1f2a9e959c02e4d6"
url = "https://github.com/cargo-bins/cargo-binstall/releases/download/v1.17.7/cargo-binstall-x86_64-pc-windows-msvc.zip"

[[tools."cargo:ast-grep"]]
version = "0.42.0"
backend = "cargo:ast-grep"

[[tools."cargo:fastmod"]]
version = "0.4.4"
backend = "cargo:fastmod"

[[tools."cargo:markdown-extract-cli"]]
version = "2.1.0"
backend = "cargo:markdown-extract-cli"

[[tools."cargo:usage-cli"]]
version = "2.12.0"
backend = "cargo:usage-cli"

[[tools.direnv]]
version = "2.37.1"
backend = "asdf:direnv"

[[tools.dive]]
version = "0.13.1"
backend = "aqua:wagoodman/dive"

[tools.dive."platforms.linux-arm64"]
checksum = "sha256:2fcd2cf20f634ccdb41efac44048b204bfc867c115641f37a7420693ed480a18"
url = "https://github.com/wagoodman/dive/releases/download/v0.13.1/dive_0.13.1_linux_arm64.tar.gz"

[tools.dive."platforms.linux-arm64-musl"]
checksum = "sha256:2fcd2cf20f634ccdb41efac44048b204bfc867c115641f37a7420693ed480a18"
url = "https://github.com/wagoodman/dive/releases/download/v0.13.1/dive_0.13.1_linux_arm64.tar.gz"

[tools.dive."platforms.linux-x64"]
checksum = "sha256:0970549eb4a306f8825a84145a2534153badb4d7dcf3febd1967c706367c3d0e"
url = "https://github.com/wagoodman/dive/releases/download/v0.13.1/dive_0.13.1_linux_amd64.tar.gz"

[tools.dive."platforms.linux-x64-musl"]
checksum = "sha256:0970549eb4a306f8825a84145a2534153badb4d7dcf3febd1967c706367c3d0e"
url = "https://github.com/wagoodman/dive/releases/download/v0.13.1/dive_0.13.1_linux_amd64.tar.gz"

[tools.dive."platforms.macos-arm64"]
checksum = "sha256:38b7fa95a13e7f4d0b3060c875fe7427c2a0613ecff674bb45156eb34bca0b09"
url = "https://github.com/wagoodman/dive/releases/download/v0.13.1/dive_0.13.1_darwin_arm64.tar.gz"

[tools.dive."platforms.macos-x64"]
checksum = "sha256:04e4c1bac21be3aef99799cf0e470149a072ea4786be50718aa846cd13746523"
url = "https://github.com/wagoodman/dive/releases/download/v0.13.1/dive_0.13.1_darwin_amd64.tar.gz"

[tools.dive."platforms.windows-x64"]
checksum = "sha256:3e764ff28c7b89f4da679deac80483249fbbae3a1d512c103d54609eec09086a"
url = "https://github.com/wagoodman/dive/releases/download/v0.13.1/dive_0.13.1_windows_amd64.zip"

[[tools.fd]]
version = "10.4.2"
backend = "aqua:sharkdp/fd"

[[tools.fzf]]
version = "0.70.0"
backend = "aqua:junegunn/fzf"

[[tools."github:gitleaks/gitleaks"]]
version = "8.30.0"
backend = "github:gitleaks/gitleaks"

[[tools."github:googleworkspace/cli"]]
version = "0.16.0"
backend = "github:googleworkspace/cli"

[tools."github:googleworkspace/cli"."platforms.linux-arm64"]
checksum = "sha256:2a74ffa1826ce5cc3405f23f0cdbbbbedecffb7fd0ca2c74981296ad2f43505d"
url = "https://github.com/googleworkspace/cli/releases/download/v0.16.0/gws-aarch64-unknown-linux-gnu.tar.gz"
url_api = "https://api.github.com/repos/googleworkspace/cli/releases/assets/373440261"
provenance = "github-attestations"

[tools."github:googleworkspace/cli"."platforms.linux-arm64-musl"]
checksum = "sha256:bf5983a0c3578608e3d58800ccc60a8b1a7d7a83c7d9ff9ddbeb9bf251bb0424"
url = "https://github.com/googleworkspace/cli/releases/download/v0.16.0/gws-aarch64-unknown-linux-musl.tar.gz"
url_api = "https://api.github.com/repos/googleworkspace/cli/releases/assets/373440266"
provenance = "github-attestations"

[tools."github:googleworkspace/cli"."platforms.linux-x64"]
checksum = "sha256:ac4b6967f104ac3213115c3052beea2a9b3507a10f8ebbacb3b717f183cd03f6"
url = "https://github.com/googleworkspace/cli/releases/download/v0.16.0/gws-x86_64-unknown-linux-gnu.tar.gz"
url_api = "https://api.github.com/repos/googleworkspace/cli/releases/assets/373440281"
provenance = "github-attestations"

[tools."github:googleworkspace/cli"."platforms.linux-x64-baseline"]
checksum = "sha256:ac4b6967f104ac3213115c3052beea2a9b3507a10f8ebbacb3b717f183cd03f6"
url = "https://github.com/googleworkspace/cli/releases/download/v0.16.0/gws-x86_64-unknown-linux-gnu.tar.gz"
url_api = "https://api.github.com/repos/googleworkspace/cli/releases/assets/373440281"
provenance = "github-attestations"

[tools."github:googleworkspace/cli"."platforms.linux-x64-musl"]
checksum = "sha256:29fc4c61a2cd5831508d391e40cccc4ad9afe3e83f4e94fddda0b51ac67af766"
url = "https://github.com/googleworkspace/cli/releases/download/v0.16.0/gws-x86_64-unknown-linux-musl.tar.gz"
url_api = "https://api.github.com/repos/googleworkspace/cli/releases/assets/373440285"
provenance = "github-attestations"

[tools."github:googleworkspace/cli"."platforms.linux-x64-musl-baseline"]
checksum = "sha256:ac4b6967f104ac3213115c3052beea2a9b3507a10f8ebbacb3b717f183cd03f6"
url = "https://github.com/googleworkspace/cli/releases/download/v0.16.0/gws-x86_64-unknown-linux-gnu.tar.gz"
url_api = "https://api.github.com/repos/googleworkspace/cli/releases/assets/373440281"
provenance = "github-attestations"

[tools."github:googleworkspace/cli"."platforms.macos-arm64"]
checksum = "sha256:602bdd94d20f06ffb7dc4b8d96afd620c973b0785b60522073855b72b75c6d7c"
url = "https://github.com/googleworkspace/cli/releases/download/v0.16.0/gws-aarch64-apple-darwin.tar.gz"
url_api = "https://api.github.com/repos/googleworkspace/cli/releases/assets/373440258"
provenance = "github-attestations"

[tools."github:googleworkspace/cli"."platforms.macos-x64"]
checksum = "sha256:0f1b089f6104994984a83955ce04c6eca08ffca1284c9bf636eed7956e21761e"
url = "https://github.com/googleworkspace/cli/releases/download/v0.16.0/gws-x86_64-apple-darwin.tar.gz"
url_api = "https://api.github.com/repos/googleworkspace/cli/releases/assets/373440276"
provenance = "github-attestations"

[tools."github:googleworkspace/cli"."platforms.macos-x64-baseline"]
checksum = "sha256:0f1b089f6104994984a83955ce04c6eca08ffca1284c9bf636eed7956e21761e"
url = "https://github.com/googleworkspace/cli/releases/download/v0.16.0/gws-x86_64-apple-darwin.tar.gz"
url_api = "https://api.github.com/repos/googleworkspace/cli/releases/assets/373440276"
provenance = "github-attestations"

[tools."github:googleworkspace/cli"."platforms.windows-x64"]
checksum = "sha256:a7f4a8d98560e5cf2cfed4b3569f5b37d10d955049f9a709384ec5e8ff6fda30"
url = "https://github.com/googleworkspace/cli/releases/download/v0.16.0/gws-x86_64-pc-windows-msvc.zip"
url_api = "https://api.github.com/repos/googleworkspace/cli/releases/assets/373440279"
provenance = "github-attestations"

[tools."github:googleworkspace/cli"."platforms.windows-x64-baseline"]
checksum = "sha256:a7f4a8d98560e5cf2cfed4b3569f5b37d10d955049f9a709384ec5e8ff6fda30"
url = "https://github.com/googleworkspace/cli/releases/download/v0.16.0/gws-x86_64-pc-windows-msvc.zip"
url_api = "https://api.github.com/repos/googleworkspace/cli/releases/assets/373440279"
provenance = "github-attestations"

[[tools."github:iloveitaly/richclip"]]
version = "1.2.1"
backend = "github:iloveitaly/richclip"

[[tools."github:nnnkkk7/lazyactions"]]
version = "0.0.12"
backend = "github:nnnkkk7/lazyactions"

[tools."github:nnnkkk7/lazyactions"."platforms.linux-arm64"]
checksum = "sha256:cb8cd36731222b14a45cd5a63451feb290ff2c73d117a414f76ef8cb362c5bb6"
url = "https://github.com/nnnkkk7/lazyactions/releases/download/v0.0.12/lazyactions_0.0.12_Linux_arm64.tar.gz"
url_api = "https://api.github.com/repos/nnnkkk7/lazyactions/releases/assets/344536095"

[tools."github:nnnkkk7/lazyactions"."platforms.linux-arm64-musl"]
checksum = "sha256:cb8cd36731222b14a45cd5a63451feb290ff2c73d117a414f76ef8cb362c5bb6"
url = "https://github.com/nnnkkk7/lazyactions/releases/download/v0.0.12/lazyactions_0.0.12_Linux_arm64.tar.gz"
url_api = "https://api.github.com/repos/nnnkkk7/lazyactions/releases/assets/344536095"

[tools."github:nnnkkk7/lazyactions"."platforms.linux-x64"]
checksum = "sha256:b177fecfba30d6d5c4262671d8edf2a9807c9f0068318c60bfc781cc2b7f46b4"
url = "https://github.com/nnnkkk7/lazyactions/releases/download/v0.0.12/lazyactions_0.0.12_Linux_x86_64.tar.gz"
url_api = "https://api.github.com/repos/nnnkkk7/lazyactions/releases/assets/344536094"

[tools."github:nnnkkk7/lazyactions"."platforms.linux-x64-musl"]
checksum = "sha256:b177fecfba30d6d5c4262671d8edf2a9807c9f0068318c60bfc781cc2b7f46b4"
url = "https://github.com/nnnkkk7/lazyactions/releases/download/v0.0.12/lazyactions_0.0.12_Linux_x86_64.tar.gz"
url_api = "https://api.github.com/repos/nnnkkk7/lazyactions/releases/assets/344536094"

[tools."github:nnnkkk7/lazyactions"."platforms.macos-arm64"]
checksum = "sha256:622cb4e0d3de14e7de64776f0ce0a7898351f2a9b7f6924e8b50c4249aa56680"
url = "https://github.com/nnnkkk7/lazyactions/releases/download/v0.0.12/lazyactions_0.0.12_Darwin_arm64.tar.gz"
url_api = "https://api.github.com/repos/nnnkkk7/lazyactions/releases/assets/344536093"

[tools."github:nnnkkk7/lazyactions"."platforms.macos-x64"]
checksum = "sha256:31ef3596998552ffddbfa1a8d6f8a6dc9be3a576debea8f66ed2a47c2a479e4c"
url = "https://github.com/nnnkkk7/lazyactions/releases/download/v0.0.12/lazyactions_0.0.12_Darwin_x86_64.tar.gz"
url_api = "https://api.github.com/repos/nnnkkk7/lazyactions/releases/assets/344536096"

[tools."github:nnnkkk7/lazyactions"."platforms.windows-x64"]
checksum = "sha256:08f663fe6a07ab5e418445e18df3196dcd3bf7988474824ee8705e97b871d247"
url = "https://github.com/nnnkkk7/lazyactions/releases/download/v0.0.12/lazyactions_0.0.12_Windows_x86_64.zip"
url_api = "https://api.github.com/repos/nnnkkk7/lazyactions/releases/assets/344536101"

[[tools."github:railwayapp/cli"]]
version = "4.31.0"
backend = "github:railwayapp/cli"

[tools."github:railwayapp/cli"."platforms.linux-arm64"]
checksum = "sha256:d4b3df6a380e745b071a2ddb05acfb104df99276d5528eade1a0cf0b53727fad"
url = "https://github.com/railwayapp/cli/releases/download/v4.31.0/railway-v4.31.0-aarch64-unknown-linux-musl.tar.gz"
url_api = "https://api.github.com/repos/railwayapp/cli/releases/assets/368478449"

[tools."github:railwayapp/cli"."platforms.linux-arm64-musl"]
checksum = "sha256:d4b3df6a380e745b071a2ddb05acfb104df99276d5528eade1a0cf0b53727fad"
url = "https://github.com/railwayapp/cli/releases/download/v4.31.0/railway-v4.31.0-aarch64-unknown-linux-musl.tar.gz"
url_api = "https://api.github.com/repos/railwayapp/cli/releases/assets/368478449"

[tools."github:railwayapp/cli"."platforms.linux-x64"]
checksum = "sha256:338cf40f283bb900defe060770d6f4e6edc07f488975c013071066c1eb602d58"
url = "https://github.com/railwayapp/cli/releases/download/v4.31.0/railway-v4.31.0-x86_64-unknown-linux-gnu.tar.gz"
url_api = "https://api.github.com/repos/railwayapp/cli/releases/assets/368478304"

[tools."github:railwayapp/cli"."platforms.linux-x64-musl"]
checksum = "sha256:91f03ed1257cb872791cf0c0f98b8dcb94b55758a147f20298fbbb5c0b0c5cfb"
url = "https://github.com/railwayapp/cli/releases/download/v4.31.0/railway-v4.31.0-x86_64-unknown-linux-musl.tar.gz"
url_api = "https://api.github.com/repos/railwayapp/cli/releases/assets/368478429"

[tools."github:railwayapp/cli"."platforms.macos-arm64"]
checksum = "sha256:4586b24e9aed23ce1acdd36840182262be9c8b0f94db5aff97845487c3f77661"
url = "https://github.com/railwayapp/cli/releases/download/v4.31.0/railway-v4.31.0-aarch64-apple-darwin.tar.gz"
url_api = "https://api.github.com/repos/railwayapp/cli/releases/assets/368478369"

[tools."github:railwayapp/cli"."platforms.macos-x64"]
checksum = "sha256:e6ef0e9747aaa3a0fe9b7fdc161bc7e9b6d7ca7ee2cbf6e5fd8f7eb9d572b42a"
url = "https://github.com/railwayapp/cli/releases/download/v4.31.0/railway-v4.31.0-x86_64-apple-darwin.tar.gz"
url_api = "https://api.github.com/repos/railwayapp/cli/releases/assets/368478312"

[tools."github:railwayapp/cli"."platforms.windows-x64"]
checksum = "sha256:00bc267c2c7e65ac58865d1f910d17e9c1a7179301ec2d5f8ca744350e9693da"
url = "https://github.com/railwayapp/cli/releases/download/v4.31.0/railway-v4.31.0-x86_64-pc-windows-msvc.zip"
url_api = "https://api.github.com/repos/railwayapp/cli/releases/assets/368479140"

[[tools."github:railwayapp/railpack"]]
version = "0.18.0"
backend = "github:railwayapp/railpack"

[tools."github:railwayapp/railpack"."platforms.linux-arm64"]
checksum = "sha256:cd85926a1468af7a44edc7c22e4ff799d5b31fd457c66f088ff4aa25dc1de313"
url = "https://github.com/railwayapp/railpack/releases/download/v0.18.0/railpack-v0.18.0-arm64-unknown-linux-musl.tar.gz"
url_api = "https://api.github.com/repos/railwayapp/railpack/releases/assets/370230676"

[tools."github:railwayapp/railpack"."platforms.linux-arm64-musl"]
checksum = "sha256:cd85926a1468af7a44edc7c22e4ff799d5b31fd457c66f088ff4aa25dc1de313"
url = "https://github.com/railwayapp/railpack/releases/download/v0.18.0/railpack-v0.18.0-arm64-unknown-linux-musl.tar.gz"
url_api = "https://api.github.com/repos/railwayapp/railpack/releases/assets/370230676"

[tools."github:railwayapp/railpack"."platforms.linux-x64"]
checksum = "sha256:b45e710fbf73a2f8c384d0d5f202d389dd515b9d7aa0f66a46f8c1212f19e206"
url = "https://github.com/railwayapp/railpack/releases/download/v0.18.0/railpack-v0.18.0-x86_64-unknown-linux-musl.tar.gz"
url_api = "https://api.github.com/repos/railwayapp/railpack/releases/assets/370230677"

[tools."github:railwayapp/railpack"."platforms.linux-x64-musl"]
checksum = "sha256:b45e710fbf73a2f8c384d0d5f202d389dd515b9d7aa0f66a46f8c1212f19e206"
url = "https://github.com/railwayapp/railpack/releases/download/v0.18.0/railpack-v0.18.0-x86_64-unknown-linux-musl.tar.gz"
url_api = "https://api.github.com/repos/railwayapp/railpack/releases/assets/370230677"

[tools."github:railwayapp/railpack"."platforms.macos-arm64"]
checksum = "sha256:4f932a88a3b1a4e701a00bae7807cc4749d8fc09300ebef702bcece79d8b0b84"
url = "https://github.com/railwayapp/railpack/releases/download/v0.18.0/railpack-v0.18.0-arm64-apple-darwin.tar.gz"
url_api = "https://api.github.com/repos/railwayapp/railpack/releases/assets/370230661"

[tools."github:railwayapp/railpack"."platforms.macos-x64"]
checksum = "sha256:0519085bccf448f5f11dab244aab29267c9b4388381777fac14a53d927093b74"
url = "https://github.com/railwayapp/railpack/releases/download/v0.18.0/railpack-v0.18.0-x86_64-apple-darwin.tar.gz"
url_api = "https://api.github.com/repos/railwayapp/railpack/releases/assets/370230667"

[tools."github:railwayapp/railpack"."platforms.windows-x64"]
checksum = "sha256:694830e72b9e52013b5a07b8fe15f737299a8d7fa1360427705c9ed64b681097"
url = "https://github.com/railwayapp/railpack/releases/download/v0.18.0/railpack-v0.18.0-x86_64-pc-windows-msvc.zip"
url_api = "https://api.github.com/repos/railwayapp/railpack/releases/assets/370230670"

[[tools."github:zyedidia/micro"]]
version = "nightly"
backend = "github:zyedidia/micro"

[tools."github:zyedidia/micro"."platforms.linux-arm64"]
checksum = "sha256:519fe813ce6cebd325f1feb1950c8cc31c023607e3824c74a2638d510f0d7607"
url = "https://github.com/micro-editor/micro/releases/download/nightly/micro-nightly-linux-arm64.tar.gz"
url_api = "https://api.github.com/repos/micro-editor/micro/releases/assets/373467212"

[tools."github:zyedidia/micro"."platforms.linux-arm64-musl"]
checksum = "sha256:519fe813ce6cebd325f1feb1950c8cc31c023607e3824c74a2638d510f0d7607"
url = "https://github.com/micro-editor/micro/releases/download/nightly/micro-nightly-linux-arm64.tar.gz"
url_api = "https://api.github.com/repos/micro-editor/micro/releases/assets/373467212"

[tools."github:zyedidia/micro"."platforms.linux-x64"]
checksum = "sha256:dcb59506277337f354492e27dcbc9388df1ef0b73872662ff3702e95bf560d9a"
url = "https://github.com/micro-editor/micro/releases/download/nightly/micro-nightly-linux32.tar.gz"
url_api = "https://api.github.com/repos/micro-editor/micro/releases/assets/373467200"

[tools."github:zyedidia/micro"."platforms.linux-x64-musl"]
checksum = "sha256:dcb59506277337f354492e27dcbc9388df1ef0b73872662ff3702e95bf560d9a"
url = "https://github.com/micro-editor/micro/releases/download/nightly/micro-nightly-linux32.tar.gz"
url_api = "https://api.github.com/repos/micro-editor/micro/releases/assets/373467200"

[tools."github:zyedidia/micro"."platforms.macos-arm64"]
checksum = "sha256:70bda724596ccdbafbd0d935f4634525b414ce8600bf207ba5b6c49a7dff3ff7"
url = "https://github.com/micro-editor/micro/releases/download/nightly/micro-nightly-macos-arm64.tar.gz"
url_api = "https://api.github.com/repos/micro-editor/micro/releases/assets/373467222"

[tools."github:zyedidia/micro"."platforms.macos-x64"]
checksum = "sha256:e1734ad67c99750a37a5a3338ec440d2b4dd6e7f57193faef902764ab91aab43"
url = "https://github.com/micro-editor/micro/releases/download/nightly/micro-nightly-osx.tar.gz"
url_api = "https://api.github.com/repos/micro-editor/micro/releases/assets/373467213"

[tools."github:zyedidia/micro"."platforms.windows-x64"]
checksum = "sha256:b581e8043d0a433eba4e7417b0e2847a9f39814a3e9615efce4f23d5b0c3889e"
url = "https://github.com/micro-editor/micro/releases/download/nightly/micro-nightly-win32.zip"
url_api = "https://api.github.com/repos/micro-editor/micro/releases/assets/373467189"

[[tools."go:github.com/karol-broda/snitch"]]
version = "0.2.2"
backend = "go:github.com/karol-broda/snitch"

[[tools."go:github.com/standardbeagle/mcp-clip"]]
version = "1.0.0"
backend = "go:github.com/standardbeagle/mcp-clip"

[[tools.just]]
version = "1.47.0"
backend = "ubi:casey/just"

[[tools.uv]]
version = "0.10.10"
backend = "asdf:uv"
